schema: '2.0'
stages:
  data_load:
    cmd: /Users/giana/Library/Caches/pypoetry/virtualenvs/research-snn-vs-ann-in-rl-VunPnZrp-py3.9/bin/python
      experiments/08-ESN-STDP-MLops/flows/ops01/data_loading.py --config=experiments/08-ESN-STDP-MLops/params.yaml
    deps:
    - path: experiments/08-ESN-STDP-MLops/flows/ops01/data_loading.py
      md5: 01de0b5a7d6b8f5d67df01a699c9ec16
      size: 1486
    outs:
    - path: experiments/08-ESN-STDP-MLops/data/ds.pkl
      md5: 79c75337252472ceb81171665e407364
      size: 161891
  training:
    cmd: /Users/giana/Library/Caches/pypoetry/virtualenvs/research-snn-vs-ann-in-rl-VunPnZrp-py3.9/bin/python
      experiments/08-ESN-STDP-MLops/flows/ops01/training.py --config=experiments/08-ESN-STDP-MLops/params.yaml
